
Microsoft Visual Studio Solution File, Format Version 12.00
# Visual Studio Version 16
VisualStudioVersion = 16.0.30011.22
MinimumVisualStudioVersion = 10.0.40219.1
Project("{FAE04EC0-301F-11D3-BF4B-00C04F79EFBC}") = "LibraryManagement5", "LibraryManagement5.csproj", "{C9DBF23C-464D-4210-BEA3-D7DAD217B204}"
EndProject
Global
	GlobalSection(SolutionConfigurationPlatforms) = preSolution
		Debug|Any CPU = Debug|Any CPU
		Release|Any CPU = Release|Any CPU
	EndGlobalSection
	GlobalSection(ProjectConfigurationPlatforms) = postSolution
		{C9DBF23C-464D-4210-BEA3-D7DAD217B204}.Debug|Any CPU.ActiveCfg = Debug|Any CPU
		{C9DBF23C-464D-4210-BEA3-D7DAD217B204}.Debug|Any CPU.Build.0 = Debug|Any CPU
		{C9DBF23C-464D-4210-BEA3-D7DAD217B204}.Release|Any CPU.ActiveCfg = Release|Any CPU
		{C9DBF23C-464D-4210-BEA3-D7DAD217B204}.Release|Any CPU.Build.0 = Release|Any CPU
	EndGlobalSection
	GlobalSection(SolutionProperties) = preSolution
		HideSolutionNode = FALSE
	EndGlobalSection
	GlobalSection(ExtensibilityGlobals) = postSolution
		SolutionGuid = {A7AAF8FF-B377-4509-A93A-03E96C1575C5}
	EndGlobalSection
EndGlobal
